PODS:
  - IQKeyboardManagerSwift (5.0.0)
  - SnapKit (4.0.0)

DEPENDENCIES:
  - IQKeyboardManagerSwift (= 5.0.0)
  - SnapKit

SPEC REPOS:
  https://github.com/CocoaPods/Specs.git:
    - IQKeyboardManagerSwift
    - SnapKit

SPEC CHECKSUMS:
  IQKeyboardManagerSwift: 3f340202ebe1a7076279b9b9b3c817243ddb3aab
  SnapKit: a42d492c16e80209130a3379f73596c3454b7694

PODFILE CHECKSUM: bb0fabb3ea18d123282a37115713ac1269f3bc71

COCOAPODS: 1.5.0
